// !$*UTF8*$!
{
	archiveVersion = 1;
	classes = {
	};
	objectVersion = 56;
	objects = {

/* Begin PBXBuildFile section */
		6570D4ED2A8DD273005F49E0 /* EditProfileView.swift in Sources */ = {isa = PBXBuildFile; fileRef = 6570D4EC2A8DD273005F49E0 /* EditProfileView.swift */; };
		6574A5D52A8F0959000FF499 /* GoogleService-Info.plist in Resources */ = {isa = PBXBuildFile; fileRef = 6574A5D42A8F0959000FF499 /* GoogleService-Info.plist */; };
		65850EC62A8C791D00BB21BC /* threads_cloneApp.swift in Sources */ = {isa = PBXBuildFile; fileRef = 65850EC52A8C791D00BB21BC /* threads_cloneApp.swift */; };
		65850EC82A8C791D00BB21BC /* ContentView.swift in Sources */ = {isa = PBXBuildFile; fileRef = 65850EC72A8C791D00BB21BC /* ContentView.swift */; };
		65850ECA2A8C791E00BB21BC /* Assets.xcassets in Resources */ = {isa = PBXBuildFile; fileRef = 65850EC92A8C791E00BB21BC /* Assets.xcassets */; };
		65850ECD2A8C791E00BB21BC /* Preview Assets.xcassets in Resources */ = {isa = PBXBuildFile; fileRef = 65850ECC2A8C791E00BB21BC /* Preview Assets.xcassets */; };
		65850EE12A8C79D400BB21BC /* LoginView.swift in Sources */ = {isa = PBXBuildFile; fileRef = 65850EE02A8C79D400BB21BC /* LoginView.swift */; };
		65850EE32A8C7CEA00BB21BC /* RegistrationView.swift in Sources */ = {isa = PBXBuildFile; fileRef = 65850EE22A8C7CEA00BB21BC /* RegistrationView.swift */; };
		65850EE62A8C7E0A00BB21BC /* ThreadsTextFieldModifier.swift in Sources */ = {isa = PBXBuildFile; fileRef = 65850EE52A8C7E0A00BB21BC /* ThreadsTextFieldModifier.swift */; };
		65850EE82A8C7EC100BB21BC /* ThreadsButtonModifier.swift in Sources */ = {isa = PBXBuildFile; fileRef = 65850EE72A8C7EC100BB21BC /* ThreadsButtonModifier.swift */; };
		65850EEB2A8C8FC100BB21BC /* ThreadsTabView.swift in Sources */ = {isa = PBXBuildFile; fileRef = 65850EEA2A8C8FC100BB21BC /* ThreadsTabView.swift */; };
		65850EEF2A8C912C00BB21BC /* FeedView.swift in Sources */ = {isa = PBXBuildFile; fileRef = 65850EEE2A8C912C00BB21BC /* FeedView.swift */; };
		65850EF32A8C915700BB21BC /* ExploreView.swift in Sources */ = {isa = PBXBuildFile; fileRef = 65850EF22A8C915700BB21BC /* ExploreView.swift */; };
		65850EF72A8C918E00BB21BC /* CreateThreadView.swift in Sources */ = {isa = PBXBuildFile; fileRef = 65850EF62A8C918E00BB21BC /* CreateThreadView.swift */; };
		65850EFB2A8C91AD00BB21BC /* ActivityView.swift in Sources */ = {isa = PBXBuildFile; fileRef = 65850EFA2A8C91AD00BB21BC /* ActivityView.swift */; };
		65850EFF2A8C91C300BB21BC /* ProfileView.swift in Sources */ = {isa = PBXBuildFile; fileRef = 65850EFE2A8C91C300BB21BC /* ProfileView.swift */; };
		65850F012A8C92B600BB21BC /* ThreadCell.swift in Sources */ = {isa = PBXBuildFile; fileRef = 65850F002A8C92B600BB21BC /* ThreadCell.swift */; };
		65850F042A8D6A9D00BB21BC /* CircularProfileImageView.swift in Sources */ = {isa = PBXBuildFile; fileRef = 65850F032A8D6A9D00BB21BC /* CircularProfileImageView.swift */; };
		65850F062A8D6AFE00BB21BC /* UserCell.swift in Sources */ = {isa = PBXBuildFile; fileRef = 65850F052A8D6AFE00BB21BC /* UserCell.swift */; };
		65850F092A8D731A00BB21BC /* ProfileThreadFilter.swift in Sources */ = {isa = PBXBuildFile; fileRef = 65850F082A8D731A00BB21BC /* ProfileThreadFilter.swift */; };
/* End PBXBuildFile section */

/* Begin PBXFileReference section */
		6570D4EC2A8DD273005F49E0 /* EditProfileView.swift */ = {isa = PBXFileReference; lastKnownFileType = sourcecode.swift; path = EditProfileView.swift; sourceTree = "<group>"; };
		6574A5D42A8F0959000FF499 /* GoogleService-Info.plist */ = {isa = PBXFileReference; fileEncoding = 4; lastKnownFileType = text.plist.xml; path = "GoogleService-Info.plist"; sourceTree = "<group>"; };
		65850EC22A8C791D00BB21BC /* threads-clone.app */ = {isa = PBXFileReference; explicitFileType = wrapper.application; includeInIndex = 0; path = "threads-clone.app"; sourceTree = BUILT_PRODUCTS_DIR; };
		65850EC52A8C791D00BB21BC /* threads_cloneApp.swift */ = {isa = PBXFileReference; lastKnownFileType = sourcecode.swift; path = threads_cloneApp.swift; sourceTree = "<group>"; };
		65850EC72A8C791D00BB21BC /* ContentView.swift */ = {isa = PBXFileReference; lastKnownFileType = sourcecode.swift; path = ContentView.swift; sourceTree = "<group>"; };
		65850EC92A8C791E00BB21BC /* Assets.xcassets */ = {isa = PBXFileReference; lastKnownFileType = folder.assetcatalog; path = Assets.xcassets; sourceTree = "<group>"; };
		65850ECC2A8C791E00BB21BC /* Preview Assets.xcassets */ = {isa = PBXFileReference; lastKnownFileType = folder.assetcatalog; path = "Preview Assets.xcassets"; sourceTree = "<group>"; };
		65850EE02A8C79D400BB21BC /* LoginView.swift */ = {isa = PBXFileReference; lastKnownFileType = sourcecode.swift; path = LoginView.swift; sourceTree = "<group>"; };
		65850EE22A8C7CEA00BB21BC /* RegistrationView.swift */ = {isa = PBXFileReference; lastKnownFileType = sourcecode.swift; path = RegistrationView.swift; sourceTree = "<group>"; };
		65850EE52A8C7E0A00BB21BC /* ThreadsTextFieldModifier.swift */ = {isa = PBXFileReference; lastKnownFileType = sourcecode.swift; path = ThreadsTextFieldModifier.swift; sourceTree = "<group>"; };
		65850EE72A8C7EC100BB21BC /* ThreadsButtonModifier.swift */ = {isa = PBXFileReference; lastKnownFileType = sourcecode.swift; path = ThreadsButtonModifier.swift; sourceTree = "<group>"; };
		65850EEA2A8C8FC100BB21BC /* ThreadsTabView.swift */ = {isa = PBXFileReference; lastKnownFileType = sourcecode.swift; path = ThreadsTabView.swift; sourceTree = "<group>"; };
		65850EEE2A8C912C00BB21BC /* FeedView.swift */ = {isa = PBXFileReference; lastKnownFileType = sourcecode.swift; path = FeedView.swift; sourceTree = "<group>"; };
		65850EF22A8C915700BB21BC /* ExploreView.swift */ = {isa = PBXFileReference; lastKnownFileType = sourcecode.swift; path = ExploreView.swift; sourceTree = "<group>"; };
		65850EF62A8C918E00BB21BC /* CreateThreadView.swift */ = {isa = PBXFileReference; lastKnownFileType = sourcecode.swift; path = CreateThreadView.swift; sourceTree = "<group>"; };
		65850EFA2A8C91AD00BB21BC /* ActivityView.swift */ = {isa = PBXFileReference; lastKnownFileType = sourcecode.swift; path = ActivityView.swift; sourceTree = "<group>"; };
		65850EFE2A8C91C300BB21BC /* ProfileView.swift */ = {isa = PBXFileReference; lastKnownFileType = sourcecode.swift; path = ProfileView.swift; sourceTree = "<group>"; };
		65850F002A8C92B600BB21BC /* ThreadCell.swift */ = {isa = PBXFileReference; lastKnownFileType = sourcecode.swift; path = ThreadCell.swift; sourceTree = "<group>"; };
		65850F032A8D6A9D00BB21BC /* CircularProfileImageView.swift */ = {isa = PBXFileReference; lastKnownFileType = sourcecode.swift; path = CircularProfileImageView.swift; sourceTree = "<group>"; };
		65850F052A8D6AFE00BB21BC /* UserCell.swift */ = {isa = PBXFileReference; lastKnownFileType = sourcecode.swift; path = UserCell.swift; sourceTree = "<group>"; };
		65850F082A8D731A00BB21BC /* ProfileThreadFilter.swift */ = {isa = PBXFileReference; lastKnownFileType = sourcecode.swift; path = ProfileThreadFilter.swift; sourceTree = "<group>"; };
/* End PBXFileReference section */

/* Begin PBXFrameworksBuildPhase section */
		65850EBF2A8C791D00BB21BC /* Frameworks */ = {
			isa = PBXFrameworksBuildPhase;
			buildActionMask = 2147483647;
			files = (
			);
			runOnlyForDeploymentPostprocessing = 0;
		};
/* End PBXFrameworksBuildPhase section */

/* Begin PBXGroup section */
		6570D4EA2A8DD258005F49E0 /* EditProfile */ = {
			isa = PBXGroup;
			children = (
				6570D4EB2A8DD26B005F49E0 /* View */,
			);
			path = EditProfile;
			sourceTree = "<group>";
		};
		6570D4EB2A8DD26B005F49E0 /* View */ = {
			isa = PBXGroup;
			children = (
				6570D4EC2A8DD273005F49E0 /* EditProfileView.swift */,
			);
			path = View;
			sourceTree = "<group>";
		};
		65850EB92A8C791D00BB21BC = {
			isa = PBXGroup;
			children = (
				65850EC42A8C791D00BB21BC /* threads-clone */,
				65850EC32A8C791D00BB21BC /* Products */,
			);
			sourceTree = "<group>";
		};
		65850EC32A8C791D00BB21BC /* Products */ = {
			isa = PBXGroup;
			children = (
				65850EC22A8C791D00BB21BC /* threads-clone.app */,
			);
			name = Products;
			sourceTree = "<group>";
		};
		65850EC42A8C791D00BB21BC /* threads-clone */ = {
			isa = PBXGroup;
			children = (
				65850EDA2A8C797600BB21BC /* App */,
				65850ED92A8C797500BB21BC /* Core */,
				65850ED82A8C797400BB21BC /* Extensions */,
				65850ED72A8C797300BB21BC /* Model */,
				65850ED62A8C797200BB21BC /* Services */,
				65850ED32A8C796600BB21BC /* Utils */,
				6574A5D42A8F0959000FF499 /* GoogleService-Info.plist */,
				65850EC92A8C791E00BB21BC /* Assets.xcassets */,
				65850ECB2A8C791E00BB21BC /* Preview Content */,
			);
			path = "threads-clone";
			sourceTree = "<group>";
		};
		65850ECB2A8C791E00BB21BC /* Preview Content */ = {
			isa = PBXGroup;
			children = (
				65850ECC2A8C791E00BB21BC /* Preview Assets.xcassets */,
			);
			path = "Preview Content";
			sourceTree = "<group>";
		};
		65850ED32A8C796600BB21BC /* Utils */ = {
			isa = PBXGroup;
			children = (
				65850EE42A8C7DFC00BB21BC /* ViewModifiers */,
			);
			path = Utils;
			sourceTree = "<group>";
		};
		65850ED62A8C797200BB21BC /* Services */ = {
			isa = PBXGroup;
			children = (
			);
			path = Services;
			sourceTree = "<group>";
		};
		65850ED72A8C797300BB21BC /* Model */ = {
			isa = PBXGroup;
			children = (
			);
			path = Model;
			sourceTree = "<group>";
		};
		65850ED82A8C797400BB21BC /* Extensions */ = {
			isa = PBXGroup;
			children = (
			);
			path = Extensions;
			sourceTree = "<group>";
		};
		65850ED92A8C797500BB21BC /* Core */ = {
			isa = PBXGroup;
			children = (
				65850EF82A8C91A200BB21BC /* Activity */,
				65850EDC2A8C799900BB21BC /* Authentication */,
				65850F022A8D6A8D00BB21BC /* Components */,
				65850EF02A8C914B00BB21BC /* Explore */,
				65850EEC2A8C911B00BB21BC /* Feed */,
				65850EFC2A8C91B600BB21BC /* Profile */,
				65850EDB2A8C799600BB21BC /* Root */,
				65850EE92A8C8F9E00BB21BC /* TabBar */,
				65850EF42A8C917A00BB21BC /* ThreadCreation */,
			);
			path = Core;
			sourceTree = "<group>";
		};
		65850EDA2A8C797600BB21BC /* App */ = {
			isa = PBXGroup;
			children = (
				65850EC52A8C791D00BB21BC /* threads_cloneApp.swift */,
			);
			path = App;
			sourceTree = "<group>";
		};
		65850EDB2A8C799600BB21BC /* Root */ = {
			isa = PBXGroup;
			children = (
				65850EC72A8C791D00BB21BC /* ContentView.swift */,
			);
			path = Root;
			sourceTree = "<group>";
		};
		65850EDC2A8C799900BB21BC /* Authentication */ = {
			isa = PBXGroup;
			children = (
				65850EDD2A8C79B400BB21BC /* Views */,
			);
			path = Authentication;
			sourceTree = "<group>";
		};
		65850EDD2A8C79B400BB21BC /* Views */ = {
			isa = PBXGroup;
			children = (
				65850EE02A8C79D400BB21BC /* LoginView.swift */,
				65850EE22A8C7CEA00BB21BC /* RegistrationView.swift */,
			);
			path = Views;
			sourceTree = "<group>";
		};
		65850EE42A8C7DFC00BB21BC /* ViewModifiers */ = {
			isa = PBXGroup;
			children = (
				65850EE52A8C7E0A00BB21BC /* ThreadsTextFieldModifier.swift */,
				65850EE72A8C7EC100BB21BC /* ThreadsButtonModifier.swift */,
			);
			path = ViewModifiers;
			sourceTree = "<group>";
		};
		65850EE92A8C8F9E00BB21BC /* TabBar */ = {
			isa = PBXGroup;
			children = (
				65850EEA2A8C8FC100BB21BC /* ThreadsTabView.swift */,
			);
			path = TabBar;
			sourceTree = "<group>";
		};
		65850EEC2A8C911B00BB21BC /* Feed */ = {
			isa = PBXGroup;
			children = (
				65850EED2A8C912500BB21BC /* View */,
			);
			path = Feed;
			sourceTree = "<group>";
		};
		65850EED2A8C912500BB21BC /* View */ = {
			isa = PBXGroup;
			children = (
				65850EEE2A8C912C00BB21BC /* FeedView.swift */,
				65850F002A8C92B600BB21BC /* ThreadCell.swift */,
			);
			path = View;
			sourceTree = "<group>";
		};
		65850EF02A8C914B00BB21BC /* Explore */ = {
			isa = PBXGroup;
			children = (
				65850EF12A8C915100BB21BC /* View */,
			);
			path = Explore;
			sourceTree = "<group>";
		};
		65850EF12A8C915100BB21BC /* View */ = {
			isa = PBXGroup;
			children = (
				65850EF22A8C915700BB21BC /* ExploreView.swift */,
			);
			path = View;
			sourceTree = "<group>";
		};
		65850EF42A8C917A00BB21BC /* ThreadCreation */ = {
			isa = PBXGroup;
			children = (
				65850EF52A8C918500BB21BC /* View */,
			);
			path = ThreadCreation;
			sourceTree = "<group>";
		};
		65850EF52A8C918500BB21BC /* View */ = {
			isa = PBXGroup;
			children = (
				65850EF62A8C918E00BB21BC /* CreateThreadView.swift */,
			);
			path = View;
			sourceTree = "<group>";
		};
		65850EF82A8C91A200BB21BC /* Activity */ = {
			isa = PBXGroup;
			children = (
				65850EF92A8C91A400BB21BC /* View */,
			);
			path = Activity;
			sourceTree = "<group>";
		};
		65850EF92A8C91A400BB21BC /* View */ = {
			isa = PBXGroup;
			children = (
				65850EFA2A8C91AD00BB21BC /* ActivityView.swift */,
			);
			path = View;
			sourceTree = "<group>";
		};
		65850EFC2A8C91B600BB21BC /* Profile */ = {
			isa = PBXGroup;
			children = (
				6570D4EA2A8DD258005F49E0 /* EditProfile */,
				65850F072A8D730B00BB21BC /* Model */,
				65850EFD2A8C91B900BB21BC /* View */,
			);
			path = Profile;
			sourceTree = "<group>";
		};
		65850EFD2A8C91B900BB21BC /* View */ = {
			isa = PBXGroup;
			children = (
				65850EFE2A8C91C300BB21BC /* ProfileView.swift */,
			);
			path = View;
			sourceTree = "<group>";
		};
		65850F022A8D6A8D00BB21BC /* Components */ = {
			isa = PBXGroup;
			children = (
				65850F032A8D6A9D00BB21BC /* CircularProfileImageView.swift */,
				65850F052A8D6AFE00BB21BC /* UserCell.swift */,
			);
			path = Components;
			sourceTree = "<group>";
		};
		65850F072A8D730B00BB21BC /* Model */ = {
			isa = PBXGroup;
			children = (
				65850F082A8D731A00BB21BC /* ProfileThreadFilter.swift */,
			);
			path = Model;
			sourceTree = "<group>";
		};
/* End PBXGroup section */

/* Begin PBXNativeTarget section */
		65850EC12A8C791D00BB21BC /* threads-clone */ = {
			isa = PBXNativeTarget;
			buildConfigurationList = 65850ED02A8C791E00BB21BC /* Build configuration list for PBXNativeTarget "threads-clone" */;
			buildPhases = (
				65850EBE2A8C791D00BB21BC /* Sources */,
				65850EBF2A8C791D00BB21BC /* Frameworks */,
				65850EC02A8C791D00BB21BC /* Resources */,
			);
			buildRules = (
			);
			dependencies = (
			);
			name = "threads-clone";
			productName = "threads-clone";
			productReference = 65850EC22A8C791D00BB21BC /* threads-clone.app */;
			productType = "com.apple.product-type.application";
		};
/* End PBXNativeTarget section */

/* Begin PBXProject section */
		65850EBA2A8C791D00BB21BC /* Project object */ = {
			isa = PBXProject;
			attributes = {
				BuildIndependentTargetsInParallel = 1;
				LastSwiftUpdateCheck = 1430;
				LastUpgradeCheck = 1430;
				TargetAttributes = {
					65850EC12A8C791D00BB21BC = {
						CreatedOnToolsVersion = 14.3.1;
					};
				};
			};
			buildConfigurationList = 65850EBD2A8C791D00BB21BC /* Build configuration list for PBXProject "threads-clone" */;
			compatibilityVersion = "Xcode 14.0";
			developmentRegion = en;
			hasScannedForEncodings = 0;
			knownRegions = (
				en,
				Base,
			);
			mainGroup = 65850EB92A8C791D00BB21BC;
			productRefGroup = 65850EC32A8C791D00BB21BC /* Products */;
			projectDirPath = "";
			projectRoot = "";
			targets = (
				65850EC12A8C791D00BB21BC /* threads-clone */,
			);
		};
/* End PBXProject section */

/* Begin PBXResourcesBuildPhase section */
		65850EC02A8C791D00BB21BC /* Resources */ = {
			isa = PBXResourcesBuildPhase;
			buildActionMask = 2147483647;
			files = (
				65850ECD2A8C791E00BB21BC /* Preview Assets.xcassets in Resources */,
				65850ECA2A8C791E00BB21BC /* Assets.xcassets in Resources */,
				6574A5D52A8F0959000FF499 /* GoogleService-Info.plist in Resources */,
			);
			runOnlyForDeploymentPostprocessing = 0;
		};
/* End PBXResourcesBuildPhase section */

/* Begin PBXSourcesBuildPhase section */
		65850EBE2A8C791D00BB21BC /* Sources */ = {
			isa = PBXSourcesBuildPhase;
			buildActionMask = 2147483647;
			files = (
				65850EFB2A8C91AD00BB21BC /* ActivityView.swift in Sources */,
				6570D4ED2A8DD273005F49E0 /* EditProfileView.swift in Sources */,
				65850EF72A8C918E00BB21BC /* CreateThreadView.swift in Sources */,
				65850EEF2A8C912C00BB21BC /* FeedView.swift in Sources */,
				65850F092A8D731A00BB21BC /* ProfileThreadFilter.swift in Sources */,
				65850EF32A8C915700BB21BC /* ExploreView.swift in Sources */,
				65850EFF2A8C91C300BB21BC /* ProfileView.swift in Sources */,
				65850EE82A8C7EC100BB21BC /* ThreadsButtonModifier.swift in Sources */,
				65850EEB2A8C8FC100BB21BC /* ThreadsTabView.swift in Sources */,
				65850F042A8D6A9D00BB21BC /* CircularProfileImageView.swift in Sources */,
				65850F062A8D6AFE00BB21BC /* UserCell.swift in Sources */,
				65850EE12A8C79D400BB21BC /* LoginView.swift in Sources */,
				65850F012A8C92B600BB21BC /* ThreadCell.swift in Sources */,
				65850EC82A8C791D00BB21BC /* ContentView.swift in Sources */,
				65850EE62A8C7E0A00BB21BC /* ThreadsTextFieldModifier.swift in Sources */,
				65850EC62A8C791D00BB21BC /* threads_cloneApp.swift in Sources */,
				65850EE32A8C7CEA00BB21BC /* RegistrationView.swift in Sources */,
			);
			runOnlyForDeploymentPostprocessing = 0;
		};
/* End PBXSourcesBuildPhase section */

/* Begin XCBuildConfiguration section */
		65850ECE2A8C791E00BB21BC /* Debug */ = {
			isa = XCBuildConfiguration;
			buildSettings = {
				ALWAYS_SEARCH_USER_PATHS = NO;
				CLANG_ANALYZER_NONNULL = YES;
				CLANG_ANALYZER_NUMBER_OBJECT_CONVERSION = YES_AGGRESSIVE;
				CLANG_CXX_LANGUAGE_STANDARD = "gnu++20";
				CLANG_ENABLE_MODULES = YES;
				CLANG_ENABLE_OBJC_ARC = YES;
				CLANG_ENABLE_OBJC_WEAK = YES;
				CLANG_WARN_BLOCK_CAPTURE_AUTORELEASING = YES;
				CLANG_WARN_BOOL_CONVERSION = YES;
				CLANG_WARN_COMMA = YES;
				CLANG_WARN_CONSTANT_CONVERSION = YES;
				CLANG_WARN_DEPRECATED_OBJC_IMPLEMENTATIONS = YES;
				CLANG_WARN_DIRECT_OBJC_ISA_USAGE = YES_ERROR;
				CLANG_WARN_DOCUMENTATION_COMMENTS = YES;
				CLANG_WARN_EMPTY_BODY = YES;
				CLANG_WARN_ENUM_CONVERSION = YES;
				CLANG_WARN_INFINITE_RECURSION = YES;
				CLANG_WARN_INT_CONVERSION = YES;
				CLANG_WARN_NON_LITERAL_NULL_CONVERSION = YES;
				CLANG_WARN_OBJC_IMPLICIT_RETAIN_SELF = YES;
				CLANG_WARN_OBJC_LITERAL_CONVERSION = YES;
				CLANG_WARN_OBJC_ROOT_CLASS = YES_ERROR;
				CLANG_WARN_QUOTED_INCLUDE_IN_FRAMEWORK_HEADER = YES;
				CLANG_WARN_RANGE_LOOP_ANALYSIS = YES;
				CLANG_WARN_STRICT_PROTOTYPES = YES;
				CLANG_WARN_SUSPICIOUS_MOVE = YES;
				CLANG_WARN_UNGUARDED_AVAILABILITY = YES_AGGRESSIVE;
				CLANG_WARN_UNREACHABLE_CODE = YES;
				CLANG_WARN__DUPLICATE_METHOD_MATCH = YES;
				COPY_PHASE_STRIP = NO;
				DEBUG_INFORMATION_FORMAT = dwarf;
				ENABLE_STRICT_OBJC_MSGSEND = YES;
				ENABLE_TESTABILITY = YES;
				GCC_C_LANGUAGE_STANDARD = gnu11;
				GCC_DYNAMIC_NO_PIC = NO;
				GCC_NO_COMMON_BLOCKS = YES;
				GCC_OPTIMIZATION_LEVEL = 0;
				GCC_PREPROCESSOR_DEFINITIONS = (
					"DEBUG=1",
					"$(inherited)",
				);
				GCC_WARN_64_TO_32_BIT_CONVERSION = YES;
				GCC_WARN_ABOUT_RETURN_TYPE = YES_ERROR;
				GCC_WARN_UNDECLARED_SELECTOR = YES;
				GCC_WARN_UNINITIALIZED_AUTOS = YES_AGGRESSIVE;
				GCC_WARN_UNUSED_FUNCTION = YES;
				GCC_WARN_UNUSED_VARIABLE = YES;
				IPHONEOS_DEPLOYMENT_TARGET = 16.4;
				MTL_ENABLE_DEBUG_INFO = INCLUDE_SOURCE;
				MTL_FAST_MATH = YES;
				ONLY_ACTIVE_ARCH = YES;
				SDKROOT = iphoneos;
				SWIFT_ACTIVE_COMPILATION_CONDITIONS = DEBUG;
				SWIFT_OPTIMIZATION_LEVEL = "-Onone";
			};
			name = Debug;
		};
		65850ECF2A8C791E00BB21BC /* Release */ = {
			isa = XCBuildConfiguration;
			buildSettings = {
				ALWAYS_SEARCH_USER_PATHS = NO;
				CLANG_ANALYZER_NONNULL = YES;
				CLANG_ANALYZER_NUMBER_OBJECT_CONVERSION = YES_AGGRESSIVE;
				CLANG_CXX_LANGUAGE_STANDARD = "gnu++20";
				CLANG_ENABLE_MODULES = YES;
				CLANG_ENABLE_OBJC_ARC = YES;
				CLANG_ENABLE_OBJC_WEAK = YES;
				CLANG_WARN_BLOCK_CAPTURE_AUTORELEASING = YES;
				CLANG_WARN_BOOL_CONVERSION = YES;
				CLANG_WARN_COMMA = YES;
				CLANG_WARN_CONSTANT_CONVERSION = YES;
				CLANG_WARN_DEPRECATED_OBJC_IMPLEMENTATIONS = YES;
				CLANG_WARN_DIRECT_OBJC_ISA_USAGE = YES_ERROR;
				CLANG_WARN_DOCUMENTATION_COMMENTS = YES;
				CLANG_WARN_EMPTY_BODY = YES;
				CLANG_WARN_ENUM_CONVERSION = YES;
				CLANG_WARN_INFINITE_RECURSION = YES;
				CLANG_WARN_INT_CONVERSION = YES;
				CLANG_WARN_NON_LITERAL_NULL_CONVERSION = YES;
				CLANG_WARN_OBJC_IMPLICIT_RETAIN_SELF = YES;
				CLANG_WARN_OBJC_LITERAL_CONVERSION = YES;
				CLANG_WARN_OBJC_ROOT_CLASS = YES_ERROR;
				CLANG_WARN_QUOTED_INCLUDE_IN_FRAMEWORK_HEADER = YES;
				CLANG_WARN_RANGE_LOOP_ANALYSIS = YES;
				CLANG_WARN_STRICT_PROTOTYPES = YES;
				CLANG_WARN_SUSPICIOUS_MOVE = YES;
				CLANG_WARN_UNGUARDED_AVAILABILITY = YES_AGGRESSIVE;
				CLANG_WARN_UNREACHABLE_CODE = YES;
				CLANG_WARN__DUPLICATE_METHOD_MATCH = YES;
				COPY_PHASE_STRIP = NO;
				DEBUG_INFORMATION_FORMAT = "dwarf-with-dsym";
				ENABLE_NS_ASSERTIONS = NO;
				ENABLE_STRICT_OBJC_MSGSEND = YES;
				GCC_C_LANGUAGE_STANDARD = gnu11;
				GCC_NO_COMMON_BLOCKS = YES;
				GCC_WARN_64_TO_32_BIT_CONVERSION = YES;
				GCC_WARN_ABOUT_RETURN_TYPE = YES_ERROR;
				GCC_WARN_UNDECLARED_SELECTOR = YES;
				GCC_WARN_UNINITIALIZED_AUTOS = YES_AGGRESSIVE;
				GCC_WARN_UNUSED_FUNCTION = YES;
				GCC_WARN_UNUSED_VARIABLE = YES;
				IPHONEOS_DEPLOYMENT_TARGET = 16.4;
				MTL_ENABLE_DEBUG_INFO = NO;
				MTL_FAST_MATH = YES;
				SDKROOT = iphoneos;
				SWIFT_COMPILATION_MODE = wholemodule;
				SWIFT_OPTIMIZATION_LEVEL = "-O";
				VALIDATE_PRODUCT = YES;
			};
			name = Release;
		};
		65850ED12A8C791E00BB21BC /* Debug */ = {
			isa = XCBuildConfiguration;
			buildSettings = {
				ASSETCATALOG_COMPILER_APPICON_NAME = AppIcon;
				ASSETCATALOG_COMPILER_GLOBAL_ACCENT_COLOR_NAME = AccentColor;
				CODE_SIGN_STYLE = Automatic;
				CURRENT_PROJECT_VERSION = 1;
				DEVELOPMENT_ASSET_PATHS = "\"threads-clone/Preview Content\"";
				DEVELOPMENT_TEAM = U7J6A6CHGG;
				ENABLE_PREVIEWS = YES;
				GENERATE_INFOPLIST_FILE = YES;
				INFOPLIST_KEY_UIApplicationSceneManifest_Generation = YES;
				INFOPLIST_KEY_UIApplicationSupportsIndirectInputEvents = YES;
				INFOPLIST_KEY_UILaunchScreen_Generation = YES;
				INFOPLIST_KEY_UISupportedInterfaceOrientations_iPad = "UIInterfaceOrientationPortrait UIInterfaceOrientationPortraitUpsideDown UIInterfaceOrientationLandscapeLeft UIInterfaceOrientationLandscapeRight";
				INFOPLIST_KEY_UISupportedInterfaceOrientations_iPhone = "UIInterfaceOrientationPortrait UIInterfaceOrientationLandscapeLeft UIInterfaceOrientationLandscapeRight";
				LD_RUNPATH_SEARCH_PATHS = (
					"$(inherited)",
					"@executable_path/Frameworks",
				);
				MARKETING_VERSION = 1.0;
				PRODUCT_BUNDLE_IDENTIFIER = "derekkim.threads-clone";
				PRODUCT_NAME = "$(TARGET_NAME)";
				SWIFT_EMIT_LOC_STRINGS = YES;
				SWIFT_VERSION = 5.0;
				TARGETED_DEVICE_FAMILY = "1,2";
			};
			name = Debug;
		};
		65850ED22A8C791E00BB21BC /* Release */ = {
			isa = XCBuildConfiguration;
			buildSettings = {
				ASSETCATALOG_COMPILER_APPICON_NAME = AppIcon;
				ASSETCATALOG_COMPILER_GLOBAL_ACCENT_COLOR_NAME = AccentColor;
				CODE_SIGN_STYLE = Automatic;
				CURRENT_PROJECT_VERSION = 1;
				DEVELOPMENT_ASSET_PATHS = "\"threads-clone/Preview Content\"";
				DEVELOPMENT_TEAM = U7J6A6CHGG;
				ENABLE_PREVIEWS = YES;
				GENERATE_INFOPLIST_FILE = YES;
				INFOPLIST_KEY_UIApplicationSceneManifest_Generation = YES;
				INFOPLIST_KEY_UIApplicationSupportsIndirectInputEvents = YES;
				INFOPLIST_KEY_UILaunchScreen_Generation = YES;
				INFOPLIST_KEY_UISupportedInterfaceOrientations_iPad = "UIInterfaceOrientationPortrait UIInterfaceOrientationPortraitUpsideDown UIInterfaceOrientationLandscapeLeft UIInterfaceOrientationLandscapeRight";
				INFOPLIST_KEY_UISupportedInterfaceOrientations_iPhone = "UIInterfaceOrientationPortrait UIInterfaceOrientationLandscapeLeft UIInterfaceOrientationLandscapeRight";
				LD_RUNPATH_SEARCH_PATHS = (
					"$(inherited)",
					"@executable_path/Frameworks",
				);
				MARKETING_VERSION = 1.0;
				PRODUCT_BUNDLE_IDENTIFIER = "derekkim.threads-clone";
				PRODUCT_NAME = "$(TARGET_NAME)";
				SWIFT_EMIT_LOC_STRINGS = YES;
				SWIFT_VERSION = 5.0;
				TARGETED_DEVICE_FAMILY = "1,2";
			};
			name = Release;
		};
/* End XCBuildConfiguration section */

/* Begin XCConfigurationList section */
		65850EBD2A8C791D00BB21BC /* Build configuration list for PBXProject "threads-clone" */ = {
			isa = XCConfigurationList;
			buildConfigurations = (
				65850ECE2A8C791E00BB21BC /* Debug */,
				65850ECF2A8C791E00BB21BC /* Release */,
			);
			defaultConfigurationIsVisible = 0;
			defaultConfigurationName = Release;
		};
		65850ED02A8C791E00BB21BC /* Build configuration list for PBXNativeTarget "threads-clone" */ = {
			isa = XCConfigurationList;
			buildConfigurations = (
				65850ED12A8C791E00BB21BC /* Debug */,
				65850ED22A8C791E00BB21BC /* Release */,
			);
			defaultConfigurationIsVisible = 0;
			defaultConfigurationName = Release;
		};
/* End XCConfigurationList section */
	};
	rootObject = 65850EBA2A8C791D00BB21BC /* Project object */;
}
